
Microsoft Visual Studio Solution File, Format Version 12.00
# Visual Studio Version 17
VisualStudioVersion = 17.9.34616.47
MinimumVisualStudioVersion = 10.0.40219.1
Project("{FAE04EC0-301F-11D3-BF4B-00C04F79EFBC}") = "TalyerAuthentication", "TalyerAuthentication\TalyerAuthentication.csproj", "{58CBAA2F-3F50-4B8D-8BEC-5BB90BF4B3BB}"
EndProject
Global
	GlobalSection(SolutionConfigurationPlatforms) = preSolution
		Debug|Any CPU = Debug|Any CPU
		Release|Any CPU = Release|Any CPU
	EndGlobalSection
	GlobalSection(ProjectConfigurationPlatforms) = postSolution
		{58CBAA2F-3F50-4B8D-8BEC-5BB90BF4B3BB}.Debug|Any CPU.ActiveCfg = Debug|Any CPU
		{58CBAA2F-3F50-4B8D-8BEC-5BB90BF4B3BB}.Debug|Any CPU.Build.0 = Debug|Any CPU
		{58CBAA2F-3F50-4B8D-8BEC-5BB90BF4B3BB}.Release|Any CPU.ActiveCfg = Release|Any CPU
		{58CBAA2F-3F50-4B8D-8BEC-5BB90BF4B3BB}.Release|Any CPU.Build.0 = Release|Any CPU
	EndGlobalSection
	GlobalSection(SolutionProperties) = preSolution
		HideSolutionNode = FALSE
	EndGlobalSection
	GlobalSection(ExtensibilityGlobals) = postSolution
		SolutionGuid = {738E11B4-F697-4424-8CEF-973DC4C84D0B}
	EndGlobalSection
EndGlobal
